<?xml version="1.0" encoding="utf-8"?>
<Project ToolsVersion="4.0" xmlns="http://schemas.microsoft.com/developer/msbuild/2003">
  <ItemGroup>
    <Filter Include="Source Files">
      <UniqueIdentifier>{5d389603-4bcb-4061-bd89-2bb01e1e980e}</UniqueIdentifier>
      <Extensions>cpp;c;cxx;rc;def;r;odl;idl;hpj;bat</Extensions>
    </Filter>
    <Filter Include="Resource Files">
      <UniqueIdentifier>{51850ce9-ff67-48e1-b56a-8b3933dd642e}</UniqueIdentifier>
      <Extensions>ico;cur;bmp;dlg;rc2;rct;bin;rgs;gif;jpg;jpeg;jpe</Extensions>
    </Filter>
    <Filter Include="Header Files">
      <UniqueIdentifier>{bd7a0930-4656-4a5c-8940-21975ea85b33}</UniqueIdentifier>
      <Extensions>h;hpp;hxx;hm;inl</Extensions>
    </Filter>
  </ItemGroup>
  <ItemGroup>
    <ClCompile Include="Hemicube.cpp">
      <Filter>Source Files</Filter>
    </ClCompile>
    <ClCompile Include="Loader.cpp">
      <Filter>Source Files</Filter>
    </ClCompile>
    <ClCompile Include="Mesher.cpp">
      <Filter>Source Files</Filter>
    </ClCompile>
    <ClCompile Include="ProgRef.cpp">
      <Filter>Source Files</Filter>
    </ClCompile>
    <ClCompile Include="radiosity.cpp">
      <Filter>Source Files</Filter>
    </ClCompile>
  </ItemGroup>
  <ItemGroup>
    <None Include="cornell_1.x3d">
      <Filter>Resource Files</Filter>
    </None>
    <None Include="cornell_2.x3d">
      <Filter>Resource Files</Filter>
    </None>
    <None Include="Resource.xml">
      <Filter>Resource Files</Filter>
    </None>
  </ItemGroup>
  <ItemGroup>
    <ClInclude Include="DataFormat.h">
      <Filter>Header Files</Filter>
    </ClInclude>
    <ClInclude Include="ProgRef.h">
      <Filter>Header Files</Filter>
    </ClInclude>
    <ClInclude Include="Hemicube.h">
      <Filter>Header Files</Filter>
    </ClInclude>
    <ClInclude Include="Mesher.h">
      <Filter>Header Files</Filter>
    </ClInclude>
  </ItemGroup>
</Project>